
Microsoft Visual Studio Solution File, Format Version 12.00
# Visual Studio 2015
Project("{FAE04EC0-301F-11D3-BF4B-00C04F79EFBC}") = "WaterRippleShader.CSharp", "WaterRippleShader.CSharp.csproj", "{D3B1CA94-8010-A625-D38B-DBCCAD7F85E2}"
EndProject
Global
	GlobalSection(SolutionConfigurationPlatforms) = preSolution
		Debug|Any CPU = Debug|Any CPU
		Release|Any CPU = Release|Any CPU
	EndGlobalSection
	GlobalSection(ProjectConfigurationPlatforms) = postSolution
		{D3B1CA94-8010-A625-D38B-DBCCAD7F85E2}.Debug|Any CPU.ActiveCfg = Debug|Any CPU
		{D3B1CA94-8010-A625-D38B-DBCCAD7F85E2}.Debug|Any CPU.Build.0 = Debug|Any CPU
		{D3B1CA94-8010-A625-D38B-DBCCAD7F85E2}.Release|Any CPU.ActiveCfg = Release|Any CPU
		{D3B1CA94-8010-A625-D38B-DBCCAD7F85E2}.Release|Any CPU.Build.0 = Release|Any CPU
	EndGlobalSection
	GlobalSection(SolutionProperties) = preSolution
		HideSolutionNode = FALSE
	EndGlobalSection
EndGlobal
